
Microsoft Visual Studio Solution File, Format Version 12.00
# Visual Studio 15
VisualStudioVersion = 15.0.27130.2026
MinimumVisualStudioVersion = 10.0.40219.1
Project("{9A19103F-16F7-4668-BE54-9A1E7A4F7556}") = "SpiceLex", "SpiceLex\SpiceLex.csproj", "{1FA2317A-9B54-4877-ABCF-2C6D31F8B738}"
EndProject
Project("{9A19103F-16F7-4668-BE54-9A1E7A4F7556}") = "SpiceLex.Tests", "SpiceLex.Tests\SpiceLex.Tests.csproj", "{9B559C57-4880-402E-A215-5D5BC7C54CC6}"
EndProject
Project("{9A19103F-16F7-4668-BE54-9A1E7A4F7556}") = "SpiceNetlist", "SpiceNetList\SpiceNetlist.csproj", "{D3E556E1-C134-47E2-BC6D-3B54B0BA4C83}"
EndProject
Project("{9A19103F-16F7-4668-BE54-9A1E7A4F7556}") = "SpiceParser", "SpiceParser\SpiceParser.csproj", "{8ED4C1D1-FD30-40D2-BBFC-86C7C9B7ADD7}"
EndProject
Project("{9A19103F-16F7-4668-BE54-9A1E7A4F7556}") = "SpiceNetlist.SpiceSharpConnector", "SpiceNetList.Connectors\SpiceNetlist.SpiceSharpConnector.csproj", "{05303B98-FFD6-40EE-80A7-E7B7825F079B}"
EndProject
Project("{9A19103F-16F7-4668-BE54-9A1E7A4F7556}") = "Sandbox", "Sandbox\Sandbox.csproj", "{5AE6934D-2D49-4D94-B782-37BB5173A361}"
EndProject
Project("{9A19103F-16F7-4668-BE54-9A1E7A4F7556}") = "NLexer", "NLexer\NLexer.csproj", "{4E305CF6-20AB-4DF3-912F-B18E403D535B}"
EndProject
Project("{9A19103F-16F7-4668-BE54-9A1E7A4F7556}") = "NLexer.Tests", "NLexer.Tests\NLexer.Tests.csproj", "{134418DF-D95F-4996-AAE5-2F7744C6F43A}"
EndProject
Global
	GlobalSection(SolutionConfigurationPlatforms) = preSolution
		Debug|Any CPU = Debug|Any CPU
		Release|Any CPU = Release|Any CPU
	EndGlobalSection
	GlobalSection(ProjectConfigurationPlatforms) = postSolution
		{1FA2317A-9B54-4877-ABCF-2C6D31F8B738}.Debug|Any CPU.ActiveCfg = Debug|Any CPU
		{1FA2317A-9B54-4877-ABCF-2C6D31F8B738}.Debug|Any CPU.Build.0 = Debug|Any CPU
		{1FA2317A-9B54-4877-ABCF-2C6D31F8B738}.Release|Any CPU.ActiveCfg = Release|Any CPU
		{1FA2317A-9B54-4877-ABCF-2C6D31F8B738}.Release|Any CPU.Build.0 = Release|Any CPU
		{9B559C57-4880-402E-A215-5D5BC7C54CC6}.Debug|Any CPU.ActiveCfg = Debug|Any CPU
		{9B559C57-4880-402E-A215-5D5BC7C54CC6}.Debug|Any CPU.Build.0 = Debug|Any CPU
		{9B559C57-4880-402E-A215-5D5BC7C54CC6}.Release|Any CPU.ActiveCfg = Release|Any CPU
		{9B559C57-4880-402E-A215-5D5BC7C54CC6}.Release|Any CPU.Build.0 = Release|Any CPU
		{D3E556E1-C134-47E2-BC6D-3B54B0BA4C83}.Debug|Any CPU.ActiveCfg = Debug|Any CPU
		{D3E556E1-C134-47E2-BC6D-3B54B0BA4C83}.Debug|Any CPU.Build.0 = Debug|Any CPU
		{D3E556E1-C134-47E2-BC6D-3B54B0BA4C83}.Release|Any CPU.ActiveCfg = Release|Any CPU
		{D3E556E1-C134-47E2-BC6D-3B54B0BA4C83}.Release|Any CPU.Build.0 = Release|Any CPU
		{8ED4C1D1-FD30-40D2-BBFC-86C7C9B7ADD7}.Debug|Any CPU.ActiveCfg = Debug|Any CPU
		{8ED4C1D1-FD30-40D2-BBFC-86C7C9B7ADD7}.Debug|Any CPU.Build.0 = Debug|Any CPU
		{8ED4C1D1-FD30-40D2-BBFC-86C7C9B7ADD7}.Release|Any CPU.ActiveCfg = Release|Any CPU
		{8ED4C1D1-FD30-40D2-BBFC-86C7C9B7ADD7}.Release|Any CPU.Build.0 = Release|Any CPU
		{05303B98-FFD6-40EE-80A7-E7B7825F079B}.Debug|Any CPU.ActiveCfg = Debug|Any CPU
		{05303B98-FFD6-40EE-80A7-E7B7825F079B}.Debug|Any CPU.Build.0 = Debug|Any CPU
		{05303B98-FFD6-40EE-80A7-E7B7825F079B}.Release|Any CPU.ActiveCfg = Release|Any CPU
		{05303B98-FFD6-40EE-80A7-E7B7825F079B}.Release|Any CPU.Build.0 = Release|Any CPU
		{5AE6934D-2D49-4D94-B782-37BB5173A361}.Debug|Any CPU.ActiveCfg = Debug|Any CPU
		{5AE6934D-2D49-4D94-B782-37BB5173A361}.Debug|Any CPU.Build.0 = Debug|Any CPU
		{5AE6934D-2D49-4D94-B782-37BB5173A361}.Release|Any CPU.ActiveCfg = Release|Any CPU
		{5AE6934D-2D49-4D94-B782-37BB5173A361}.Release|Any CPU.Build.0 = Release|Any CPU
		{4E305CF6-20AB-4DF3-912F-B18E403D535B}.Debug|Any CPU.ActiveCfg = Debug|Any CPU
		{4E305CF6-20AB-4DF3-912F-B18E403D535B}.Debug|Any CPU.Build.0 = Debug|Any CPU
		{4E305CF6-20AB-4DF3-912F-B18E403D535B}.Release|Any CPU.ActiveCfg = Release|Any CPU
		{4E305CF6-20AB-4DF3-912F-B18E403D535B}.Release|Any CPU.Build.0 = Release|Any CPU
		{134418DF-D95F-4996-AAE5-2F7744C6F43A}.Debug|Any CPU.ActiveCfg = Debug|Any CPU
		{134418DF-D95F-4996-AAE5-2F7744C6F43A}.Debug|Any CPU.Build.0 = Debug|Any CPU
		{134418DF-D95F-4996-AAE5-2F7744C6F43A}.Release|Any CPU.ActiveCfg = Release|Any CPU
		{134418DF-D95F-4996-AAE5-2F7744C6F43A}.Release|Any CPU.Build.0 = Release|Any CPU
	EndGlobalSection
	GlobalSection(SolutionProperties) = preSolution
		HideSolutionNode = FALSE
	EndGlobalSection
	GlobalSection(ExtensibilityGlobals) = postSolution
		SolutionGuid = {F5DF7359-A6BE-4DB6-9200-CEFBAEBAD75E}
	EndGlobalSection
EndGlobal
